
Microsoft Visual Studio Solution File, Format Version 12.00
# Visual Studio Version 17
VisualStudioVersion = 17.5.33516.290
MinimumVisualStudioVersion = 10.0.40219.1
Project("{FAE04EC0-301F-11D3-BF4B-00C04F79EFBC}") = "Coderbyte", "Coderbyte\Coderbyte.csproj", "{1A37B319-0C3B-494E-85AD-0504BE6C46BB}"
EndProject
Global
	GlobalSection(SolutionConfigurationPlatforms) = preSolution
		Debug|Any CPU = Debug|Any CPU
		Release|Any CPU = Release|Any CPU
	EndGlobalSection
	GlobalSection(ProjectConfigurationPlatforms) = postSolution
		{1A37B319-0C3B-494E-85AD-0504BE6C46BB}.Debug|Any CPU.ActiveCfg = Debug|Any CPU
		{1A37B319-0C3B-494E-85AD-0504BE6C46BB}.Debug|Any CPU.Build.0 = Debug|Any CPU
		{1A37B319-0C3B-494E-85AD-0504BE6C46BB}.Release|Any CPU.ActiveCfg = Release|Any CPU
		{1A37B319-0C3B-494E-85AD-0504BE6C46BB}.Release|Any CPU.Build.0 = Release|Any CPU
	EndGlobalSection
	GlobalSection(SolutionProperties) = preSolution
		HideSolutionNode = FALSE
	EndGlobalSection
	GlobalSection(ExtensibilityGlobals) = postSolution
		SolutionGuid = {BE63641E-6DAB-47D0-9E74-FE2E85F69973}
	EndGlobalSection
EndGlobal
